
Microsoft Visual Studio Solution File, Format Version 12.00
# Visual Studio Version 16
VisualStudioVersion = 16.0.29613.14
MinimumVisualStudioVersion = 10.0.40219.1
Project("{FAE04EC0-301F-11D3-BF4B-00C04F79EFBC}") = "SkeletonTrackK4A", "SkeletonTrackK4A\SkeletonTrackK4A.csproj", "{59AF6848-29FD-48AF-A231-B3E70AA76397}"
EndProject
Global
	GlobalSection(SolutionConfigurationPlatforms) = preSolution
		Debug|Any CPU = Debug|Any CPU
		Debug|x64 = Debug|x64
		Release|Any CPU = Release|Any CPU
		Release|x64 = Release|x64
	EndGlobalSection
	GlobalSection(ProjectConfigurationPlatforms) = postSolution
		{59AF6848-29FD-48AF-A231-B3E70AA76397}.Debug|Any CPU.ActiveCfg = Debug|Any CPU
		{59AF6848-29FD-48AF-A231-B3E70AA76397}.Debug|Any CPU.Build.0 = Debug|Any CPU
		{59AF6848-29FD-48AF-A231-B3E70AA76397}.Debug|x64.ActiveCfg = Debug|x64
		{59AF6848-29FD-48AF-A231-B3E70AA76397}.Debug|x64.Build.0 = Debug|x64
		{59AF6848-29FD-48AF-A231-B3E70AA76397}.Release|Any CPU.ActiveCfg = Release|Any CPU
		{59AF6848-29FD-48AF-A231-B3E70AA76397}.Release|Any CPU.Build.0 = Release|Any CPU
		{59AF6848-29FD-48AF-A231-B3E70AA76397}.Release|x64.ActiveCfg = Release|x64
		{59AF6848-29FD-48AF-A231-B3E70AA76397}.Release|x64.Build.0 = Release|x64
	EndGlobalSection
	GlobalSection(SolutionProperties) = preSolution
		HideSolutionNode = FALSE
	EndGlobalSection
	GlobalSection(ExtensibilityGlobals) = postSolution
		SolutionGuid = {15673A08-9EF0-4801-A792-9633A5600170}
	EndGlobalSection
EndGlobal
